
Microsoft Visual Studio Solution File, Format Version 12.00
Project("{FAE04EC0-301F-11D3-BF4B-00C04F79EFBC}") = "Jedlix", "Jedlix\Jedlix.csproj", "{EFD4683B-C7C7-4659-AA7A-5333C4B5A673}"
EndProject
Project("{FAE04EC0-301F-11D3-BF4B-00C04F79EFBC}") = "Jedlix.Application", "Jedlix.Application\Jedlix.Application.csproj", "{F08DD514-E701-4679-8F12-FEB5DCB613A7}"
EndProject
Global
	GlobalSection(SolutionConfigurationPlatforms) = preSolution
		Debug|Any CPU = Debug|Any CPU
		Release|Any CPU = Release|Any CPU
	EndGlobalSection
	GlobalSection(ProjectConfigurationPlatforms) = postSolution
		{EFD4683B-C7C7-4659-AA7A-5333C4B5A673}.Debug|Any CPU.ActiveCfg = Debug|Any CPU
		{EFD4683B-C7C7-4659-AA7A-5333C4B5A673}.Debug|Any CPU.Build.0 = Debug|Any CPU
		{EFD4683B-C7C7-4659-AA7A-5333C4B5A673}.Release|Any CPU.ActiveCfg = Release|Any CPU
		{EFD4683B-C7C7-4659-AA7A-5333C4B5A673}.Release|Any CPU.Build.0 = Release|Any CPU
		{F08DD514-E701-4679-8F12-FEB5DCB613A7}.Debug|Any CPU.ActiveCfg = Debug|Any CPU
		{F08DD514-E701-4679-8F12-FEB5DCB613A7}.Debug|Any CPU.Build.0 = Debug|Any CPU
		{F08DD514-E701-4679-8F12-FEB5DCB613A7}.Release|Any CPU.ActiveCfg = Release|Any CPU
		{F08DD514-E701-4679-8F12-FEB5DCB613A7}.Release|Any CPU.Build.0 = Release|Any CPU
	EndGlobalSection
EndGlobal
